
Microsoft Visual Studio Solution File, Format Version 12.00
# Visual Studio Version 17
VisualStudioVersion = 17.7.34024.191
MinimumVisualStudioVersion = 10.0.40219.1
Project("{FAE04EC0-301F-11D3-BF4B-00C04F79EFBC}") = "BoxnMoveAPI", "BoxnMoveAPI\BoxnMoveAPI.csproj", "{381A3308-2AA8-42ED-A14C-8CBCB8A82DB1}"
EndProject
Project("{FAE04EC0-301F-11D3-BF4B-00C04F79EFBC}") = "BoxnMove.Shared", "BoxnMove.Shared\BoxnMove.Shared.csproj", "{D67CDD2D-A2F9-4D06-9088-CA3913D22BBC}"
EndProject
Project("{FAE04EC0-301F-11D3-BF4B-00C04F79EFBC}") = "BoxnMove.Models", "BoxnMove.Models\BoxnMove.Models.csproj", "{07AE59A7-D855-40D5-BEB9-75ED4AB882A6}"
EndProject
Project("{FAE04EC0-301F-11D3-BF4B-00C04F79EFBC}") = "BoxnMove.Database", "BoxnMove.Database\BoxnMove.Database.csproj", "{8CB0BD49-5FE2-4BA5-BC31-007EC5A3DA73}"
EndProject
Project("{FAE04EC0-301F-11D3-BF4B-00C04F79EFBC}") = "BoxnMove.Business", "BoxnMove.Business\BoxnMove.Business.csproj", "{21076BEF-B2E7-4A2F-84EB-51E56ECCB2D3}"
EndProject
Global
	GlobalSection(SolutionConfigurationPlatforms) = preSolution
		Debug|Any CPU = Debug|Any CPU
		Release|Any CPU = Release|Any CPU
	EndGlobalSection
	GlobalSection(ProjectConfigurationPlatforms) = postSolution
		{381A3308-2AA8-42ED-A14C-8CBCB8A82DB1}.Debug|Any CPU.ActiveCfg = Debug|Any CPU
		{381A3308-2AA8-42ED-A14C-8CBCB8A82DB1}.Debug|Any CPU.Build.0 = Debug|Any CPU
		{381A3308-2AA8-42ED-A14C-8CBCB8A82DB1}.Release|Any CPU.ActiveCfg = Release|Any CPU
		{381A3308-2AA8-42ED-A14C-8CBCB8A82DB1}.Release|Any CPU.Build.0 = Release|Any CPU
		{D67CDD2D-A2F9-4D06-9088-CA3913D22BBC}.Debug|Any CPU.ActiveCfg = Debug|Any CPU
		{D67CDD2D-A2F9-4D06-9088-CA3913D22BBC}.Debug|Any CPU.Build.0 = Debug|Any CPU
		{D67CDD2D-A2F9-4D06-9088-CA3913D22BBC}.Release|Any CPU.ActiveCfg = Release|Any CPU
		{D67CDD2D-A2F9-4D06-9088-CA3913D22BBC}.Release|Any CPU.Build.0 = Release|Any CPU
		{07AE59A7-D855-40D5-BEB9-75ED4AB882A6}.Debug|Any CPU.ActiveCfg = Debug|Any CPU
		{07AE59A7-D855-40D5-BEB9-75ED4AB882A6}.Debug|Any CPU.Build.0 = Debug|Any CPU
		{07AE59A7-D855-40D5-BEB9-75ED4AB882A6}.Release|Any CPU.ActiveCfg = Release|Any CPU
		{07AE59A7-D855-40D5-BEB9-75ED4AB882A6}.Release|Any CPU.Build.0 = Release|Any CPU
		{8CB0BD49-5FE2-4BA5-BC31-007EC5A3DA73}.Debug|Any CPU.ActiveCfg = Debug|Any CPU
		{8CB0BD49-5FE2-4BA5-BC31-007EC5A3DA73}.Debug|Any CPU.Build.0 = Debug|Any CPU
		{8CB0BD49-5FE2-4BA5-BC31-007EC5A3DA73}.Release|Any CPU.ActiveCfg = Release|Any CPU
		{8CB0BD49-5FE2-4BA5-BC31-007EC5A3DA73}.Release|Any CPU.Build.0 = Release|Any CPU
		{21076BEF-B2E7-4A2F-84EB-51E56ECCB2D3}.Debug|Any CPU.ActiveCfg = Debug|Any CPU
		{21076BEF-B2E7-4A2F-84EB-51E56ECCB2D3}.Debug|Any CPU.Build.0 = Debug|Any CPU
		{21076BEF-B2E7-4A2F-84EB-51E56ECCB2D3}.Release|Any CPU.ActiveCfg = Release|Any CPU
		{21076BEF-B2E7-4A2F-84EB-51E56ECCB2D3}.Release|Any CPU.Build.0 = Release|Any CPU
	EndGlobalSection
	GlobalSection(SolutionProperties) = preSolution
		HideSolutionNode = FALSE
	EndGlobalSection
	GlobalSection(ExtensibilityGlobals) = postSolution
		SolutionGuid = {3D99BB91-D3EC-4B4C-80A9-F7A99809C6CE}
	EndGlobalSection
EndGlobal
